
Microsoft Visual Studio Solution File, Format Version 12.00
# Visual Studio Version 17
VisualStudioVersion = 17.1.32228.430
MinimumVisualStudioVersion = 10.0.40219.1
Project("{2150E333-8FDC-42A3-9474-1A3956D46DE8}") = "Common", "Common", "{7766EB7E-2411-4497-AEC4-AC55368B54C2}"
EndProject
Project("{2150E333-8FDC-42A3-9474-1A3956D46DE8}") = "WebApp", "WebApp", "{89E03928-D7CB-4337-80D1-22A83386A4F8}"
EndProject
Project("{2150E333-8FDC-42A3-9474-1A3956D46DE8}") = "Constants", "Constants", "{DBE5D4FB-17BC-43D3-BC31-FC218FBFF249}"
EndProject
Project("{2150E333-8FDC-42A3-9474-1A3956D46DE8}") = "Enums", "Enums", "{BF85A6FE-618F-4A89-BA27-541D64DA11D7}"
EndProject
Project("{2150E333-8FDC-42A3-9474-1A3956D46DE8}") = "Libraries", "Libraries", "{C32ACBE3-E0B8-4F9F-A55A-A05EC58FB0E2}"
EndProject
Project("{2150E333-8FDC-42A3-9474-1A3956D46DE8}") = "Models", "Models", "{E4F7FBA6-B05C-458B-8ECF-DF2BDA7D230F}"
EndProject
Project("{2150E333-8FDC-42A3-9474-1A3956D46DE8}") = "1_WebAPI", "1_WebAPI", "{6B8DE4CA-BE70-4F9E-B78B-40C606F39F2D}"
EndProject
Project("{2150E333-8FDC-42A3-9474-1A3956D46DE8}") = "2_Services", "2_Services", "{F2ED33EE-20BF-43E0-AB25-8FBE2A3EC600}"
EndProject
Project("{2150E333-8FDC-42A3-9474-1A3956D46DE8}") = "3_BusinessLogic", "3_BusinessLogic", "{5EBCD59B-3F72-472D-A4BE-82A179A8CE50}"
EndProject
Project("{2150E333-8FDC-42A3-9474-1A3956D46DE8}") = "4_DataAccess", "4_DataAccess", "{EF11A103-D9B7-4665-A9EF-7DF12EE10CE6}"
	ProjectSection(SolutionItems) = preProject
		WebStructure.WebApp.3_BusinessLogic\BusinessLogic\CarsBusinessLogic.cs = WebStructure.WebApp.3_BusinessLogic\BusinessLogic\CarsBusinessLogic.cs
	EndProjectSection
EndProject
Project("{9A19103F-16F7-4668-BE54-9A1E7A4F7556}") = "WebStructure.Common.Enums", "WebStructure.Common.Enums\WebStructure.Common.Enums.csproj", "{25963E58-66A4-49DD-B97A-B531CBC8F03B}"
EndProject
Project("{9A19103F-16F7-4668-BE54-9A1E7A4F7556}") = "WebStructure.Common.Models", "WebStructure.Common.Models\WebStructure.Common.Models.csproj", "{C627C0CF-20F9-4F02-A2C7-353ECAD8BC72}"
EndProject
Project("{9A19103F-16F7-4668-BE54-9A1E7A4F7556}") = "WebStructure.WebApp.1_WebApi", "WebStructure.WebApp.1_WebApi\WebStructure.WebApp.1_WebApi.csproj", "{268539CA-0D96-4E97-9A1D-04F97391D34F}"
EndProject
Project("{9A19103F-16F7-4668-BE54-9A1E7A4F7556}") = "WebStructure.WebApp.2_Services", "WebStructure.WebApp.2_Services\WebStructure.WebApp.2_Services.csproj", "{DB945047-729B-4538-A010-AC8AFE64F4B3}"
EndProject
Project("{9A19103F-16F7-4668-BE54-9A1E7A4F7556}") = "WebStructure.WebApp.3_BusinessLogic", "WebStructure.WebApp.3_BusinessLogic\WebStructure.WebApp.3_BusinessLogic.csproj", "{4BB58861-C260-4593-9C4D-A0A0580C819A}"
EndProject
Project("{9A19103F-16F7-4668-BE54-9A1E7A4F7556}") = "WebStructure.WebApp.4_DataAcess", "WebStructure.WebApp.4_DataAcess\WebStructure.WebApp.4_DataAcess.csproj", "{F2F13CC5-3C05-45E7-BD18-1C78A38A9ABC}"
EndProject
Global
	GlobalSection(SolutionConfigurationPlatforms) = preSolution
		Debug|Any CPU = Debug|Any CPU
		Release|Any CPU = Release|Any CPU
	EndGlobalSection
	GlobalSection(ProjectConfigurationPlatforms) = postSolution
		{25963E58-66A4-49DD-B97A-B531CBC8F03B}.Debug|Any CPU.ActiveCfg = Debug|Any CPU
		{25963E58-66A4-49DD-B97A-B531CBC8F03B}.Debug|Any CPU.Build.0 = Debug|Any CPU
		{25963E58-66A4-49DD-B97A-B531CBC8F03B}.Release|Any CPU.ActiveCfg = Release|Any CPU
		{25963E58-66A4-49DD-B97A-B531CBC8F03B}.Release|Any CPU.Build.0 = Release|Any CPU
		{C627C0CF-20F9-4F02-A2C7-353ECAD8BC72}.Debug|Any CPU.ActiveCfg = Debug|Any CPU
		{C627C0CF-20F9-4F02-A2C7-353ECAD8BC72}.Debug|Any CPU.Build.0 = Debug|Any CPU
		{C627C0CF-20F9-4F02-A2C7-353ECAD8BC72}.Release|Any CPU.ActiveCfg = Release|Any CPU
		{C627C0CF-20F9-4F02-A2C7-353ECAD8BC72}.Release|Any CPU.Build.0 = Release|Any CPU
		{268539CA-0D96-4E97-9A1D-04F97391D34F}.Debug|Any CPU.ActiveCfg = Debug|Any CPU
		{268539CA-0D96-4E97-9A1D-04F97391D34F}.Debug|Any CPU.Build.0 = Debug|Any CPU
		{268539CA-0D96-4E97-9A1D-04F97391D34F}.Release|Any CPU.ActiveCfg = Release|Any CPU
		{268539CA-0D96-4E97-9A1D-04F97391D34F}.Release|Any CPU.Build.0 = Release|Any CPU
		{DB945047-729B-4538-A010-AC8AFE64F4B3}.Debug|Any CPU.ActiveCfg = Debug|Any CPU
		{DB945047-729B-4538-A010-AC8AFE64F4B3}.Debug|Any CPU.Build.0 = Debug|Any CPU
		{DB945047-729B-4538-A010-AC8AFE64F4B3}.Release|Any CPU.ActiveCfg = Release|Any CPU
		{DB945047-729B-4538-A010-AC8AFE64F4B3}.Release|Any CPU.Build.0 = Release|Any CPU
		{4BB58861-C260-4593-9C4D-A0A0580C819A}.Debug|Any CPU.ActiveCfg = Debug|Any CPU
		{4BB58861-C260-4593-9C4D-A0A0580C819A}.Debug|Any CPU.Build.0 = Debug|Any CPU
		{4BB58861-C260-4593-9C4D-A0A0580C819A}.Release|Any CPU.ActiveCfg = Release|Any CPU
		{4BB58861-C260-4593-9C4D-A0A0580C819A}.Release|Any CPU.Build.0 = Release|Any CPU
		{F2F13CC5-3C05-45E7-BD18-1C78A38A9ABC}.Debug|Any CPU.ActiveCfg = Debug|Any CPU
		{F2F13CC5-3C05-45E7-BD18-1C78A38A9ABC}.Debug|Any CPU.Build.0 = Debug|Any CPU
		{F2F13CC5-3C05-45E7-BD18-1C78A38A9ABC}.Release|Any CPU.ActiveCfg = Release|Any CPU
		{F2F13CC5-3C05-45E7-BD18-1C78A38A9ABC}.Release|Any CPU.Build.0 = Release|Any CPU
	EndGlobalSection
	GlobalSection(SolutionProperties) = preSolution
		HideSolutionNode = FALSE
	EndGlobalSection
	GlobalSection(NestedProjects) = preSolution
		{DBE5D4FB-17BC-43D3-BC31-FC218FBFF249} = {7766EB7E-2411-4497-AEC4-AC55368B54C2}
		{BF85A6FE-618F-4A89-BA27-541D64DA11D7} = {7766EB7E-2411-4497-AEC4-AC55368B54C2}
		{C32ACBE3-E0B8-4F9F-A55A-A05EC58FB0E2} = {7766EB7E-2411-4497-AEC4-AC55368B54C2}
		{E4F7FBA6-B05C-458B-8ECF-DF2BDA7D230F} = {7766EB7E-2411-4497-AEC4-AC55368B54C2}
		{6B8DE4CA-BE70-4F9E-B78B-40C606F39F2D} = {89E03928-D7CB-4337-80D1-22A83386A4F8}
		{F2ED33EE-20BF-43E0-AB25-8FBE2A3EC600} = {89E03928-D7CB-4337-80D1-22A83386A4F8}
		{5EBCD59B-3F72-472D-A4BE-82A179A8CE50} = {89E03928-D7CB-4337-80D1-22A83386A4F8}
		{EF11A103-D9B7-4665-A9EF-7DF12EE10CE6} = {89E03928-D7CB-4337-80D1-22A83386A4F8}
		{25963E58-66A4-49DD-B97A-B531CBC8F03B} = {BF85A6FE-618F-4A89-BA27-541D64DA11D7}
		{C627C0CF-20F9-4F02-A2C7-353ECAD8BC72} = {E4F7FBA6-B05C-458B-8ECF-DF2BDA7D230F}
		{268539CA-0D96-4E97-9A1D-04F97391D34F} = {6B8DE4CA-BE70-4F9E-B78B-40C606F39F2D}
		{DB945047-729B-4538-A010-AC8AFE64F4B3} = {F2ED33EE-20BF-43E0-AB25-8FBE2A3EC600}
		{4BB58861-C260-4593-9C4D-A0A0580C819A} = {5EBCD59B-3F72-472D-A4BE-82A179A8CE50}
		{F2F13CC5-3C05-45E7-BD18-1C78A38A9ABC} = {EF11A103-D9B7-4665-A9EF-7DF12EE10CE6}
	EndGlobalSection
	GlobalSection(ExtensibilityGlobals) = postSolution
		SolutionGuid = {AB2E70A5-16E7-43C5-9E7E-4C7B71EA6701}
	EndGlobalSection
EndGlobal
